
Microsoft Visual Studio Solution File, Format Version 12.00
# Visual Studio 15
VisualStudioVersion = 15.0.27428.2037
MinimumVisualStudioVersion = 10.0.40219.1
Project("{FAE04EC0-301F-11D3-BF4B-00C04F79EFBC}") = "SHA256", "SHA256\SHA256.csproj", "{EFCAD2B4-6762-476F-B6CE-B1F29911C875}"
EndProject
Global
	GlobalSection(SolutionConfigurationPlatforms) = preSolution
		Debug|Any CPU = Debug|Any CPU
		Release|Any CPU = Release|Any CPU
	EndGlobalSection
	GlobalSection(ProjectConfigurationPlatforms) = postSolution
		{EFCAD2B4-6762-476F-B6CE-B1F29911C875}.Debug|Any CPU.ActiveCfg = Debug|Any CPU
		{EFCAD2B4-6762-476F-B6CE-B1F29911C875}.Debug|Any CPU.Build.0 = Debug|Any CPU
		{EFCAD2B4-6762-476F-B6CE-B1F29911C875}.Release|Any CPU.ActiveCfg = Release|Any CPU
		{EFCAD2B4-6762-476F-B6CE-B1F29911C875}.Release|Any CPU.Build.0 = Release|Any CPU
	EndGlobalSection
	GlobalSection(SolutionProperties) = preSolution
		HideSolutionNode = FALSE
	EndGlobalSection
	GlobalSection(ExtensibilityGlobals) = postSolution
		SolutionGuid = {64DF0382-FB12-45E8-84A3-EF233D14F14C}
	EndGlobalSection
EndGlobal
